
Microsoft Visual Studio Solution File, Format Version 12.00
# Visual Studio 14
VisualStudioVersion = 14.0.24720.0
MinimumVisualStudioVersion = 10.0.40219.1
Project("{FAE04EC0-301F-11D3-BF4B-00C04F79EFBC}") = "ImHereNonProfit.UI", "ImHereNonProfit.UI\ImHereNonProfit.UI.csproj", "{53E15636-063B-400F-B05A-8BF0ADF91383}"
EndProject
Project("{FAE04EC0-301F-11D3-BF4B-00C04F79EFBC}") = "ImHereNonProfit.Model", "ImHereNonProfit.Model\ImHereNonProfit.Model.csproj", "{1B4CA84B-ABC2-4493-B5B5-30231B463250}"
EndProject
Global
	GlobalSection(SolutionConfigurationPlatforms) = preSolution
		Debug|Any CPU = Debug|Any CPU
		Release|Any CPU = Release|Any CPU
	EndGlobalSection
	GlobalSection(ProjectConfigurationPlatforms) = postSolution
		{53E15636-063B-400F-B05A-8BF0ADF91383}.Debug|Any CPU.ActiveCfg = Debug|Any CPU
		{53E15636-063B-400F-B05A-8BF0ADF91383}.Debug|Any CPU.Build.0 = Debug|Any CPU
		{53E15636-063B-400F-B05A-8BF0ADF91383}.Release|Any CPU.ActiveCfg = Release|Any CPU
		{53E15636-063B-400F-B05A-8BF0ADF91383}.Release|Any CPU.Build.0 = Release|Any CPU
		{1B4CA84B-ABC2-4493-B5B5-30231B463250}.Debug|Any CPU.ActiveCfg = Debug|Any CPU
		{1B4CA84B-ABC2-4493-B5B5-30231B463250}.Debug|Any CPU.Build.0 = Debug|Any CPU
		{1B4CA84B-ABC2-4493-B5B5-30231B463250}.Release|Any CPU.ActiveCfg = Release|Any CPU
		{1B4CA84B-ABC2-4493-B5B5-30231B463250}.Release|Any CPU.Build.0 = Release|Any CPU
	EndGlobalSection
	GlobalSection(SolutionProperties) = preSolution
		HideSolutionNode = FALSE
	EndGlobalSection
	GlobalSection(TeamFoundationVersionControl) = preSolution
		SccNumberOfProjects = 3
		SccEnterpriseProvider = {4CA58AB2-18FA-4F8D-95D4-32DDF27D184C}
		SccTeamFoundationServer = https://asachs.visualstudio.com/
		SccLocalPath0 = .
		SccProjectUniqueName1 = ImHereNonProfit.Model\\ImHereNonProfit.Model.csproj
		SccProjectName1 = ImHereNonProfit.Model
		SccLocalPath1 = ImHereNonProfit.Model
		SccProjectUniqueName2 = ImHereNonProfit.UI\\ImHereNonProfit.UI.csproj
		SccProjectName2 = ImHereNonProfit.UI
		SccLocalPath2 = ImHereNonProfit.UI
	EndGlobalSection
EndGlobal
